
Microsoft Visual Studio Solution File, Format Version 12.00
# Visual Studio Version 16
VisualStudioVersion = 16.0.30114.105
MinimumVisualStudioVersion = 10.0.40219.1
Project("{2150E333-8FDC-42A3-9474-1A3956D46DE8}") = "Services", "Services", "{C0178EE7-DBB6-4BDD-B353-1F1B304A1961}"
EndProject
Project("{2150E333-8FDC-42A3-9474-1A3956D46DE8}") = "Catalog", "Catalog", "{93F7643C-3E75-430E-A907-F19ED03CFE35}"
EndProject
Project("{FAE04EC0-301F-11D3-BF4B-00C04F79EFBC}") = "Catalog.API", "Services\Catalog\Catalog.API\Catalog.API.csproj", "{EDECF9C9-A59B-45D4-9249-3EA1ABEA16E4}"
EndProject
Project("{2150E333-8FDC-42A3-9474-1A3956D46DE8}") = "BuildingBlocks", "BuildingBlocks", "{F9DBE370-1F80-4AC3-B03A-AA9742205325}"
EndProject
Project("{FAE04EC0-301F-11D3-BF4B-00C04F79EFBC}") = "Common.Shared", "BuildingBlocks\Common.Shared\Common.Shared.csproj", "{4BDE76ED-5184-4590-AD49-5A459D2712EA}"
EndProject
Project("{2150E333-8FDC-42A3-9474-1A3956D46DE8}") = "Ordering", "Ordering", "{29013A56-FD16-488F-8F78-A31E05C7AB08}"
EndProject
Project("{FAE04EC0-301F-11D3-BF4B-00C04F79EFBC}") = "Ordering.API", "Services\Ordering\Ordering.API\Ordering.API.csproj", "{5470281F-A82C-4F2A-B08C-D5520008BAED}"
EndProject
Project("{FAE04EC0-301F-11D3-BF4B-00C04F79EFBC}") = "Ordering.Application", "Services\Ordering\Ordering.Application\Ordering.Application.csproj", "{8531F3E0-A03B-4E5F-8D6A-9083EDCF42D1}"
EndProject
Project("{FAE04EC0-301F-11D3-BF4B-00C04F79EFBC}") = "Ordering.Domain", "Services\Ordering\Ordering.Domain\Ordering.Domain.csproj", "{416D453D-2BFD-42FD-99B1-D5EA6129EF0B}"
EndProject
Project("{FAE04EC0-301F-11D3-BF4B-00C04F79EFBC}") = "Ordering.Infrastructure", "Services\Ordering\Ordering.Infrastructure\Ordering.Infrastructure.csproj", "{980F1ABD-AF4C-465B-9D30-AE70A339DC3A}"
EndProject
Project("{E53339B2-1760-4266-BCC7-CA923CBCF16C}") = "docker-compose", "docker-compose.dcproj", "{702AE604-0D79-4923-9827-2205B06C9775}"
EndProject
Project("{FAE04EC0-301F-11D3-BF4B-00C04F79EFBC}") = "Catalog.Application", "Services\Catalog\Catalog.Application\Catalog.Application.csproj", "{A9FCAF02-B327-4C21-8596-5FE923260490}"
EndProject
Project("{FAE04EC0-301F-11D3-BF4B-00C04F79EFBC}") = "Catalog.Domain", "Services\Catalog\Catalog.Domain\Catalog.Domain.csproj", "{60CE5313-5DCD-4BAB-A394-582F0C0882AF}"
EndProject
Project("{FAE04EC0-301F-11D3-BF4B-00C04F79EFBC}") = "Catalog.Infrastructure", "Services\Catalog\Catalog.Infrastructure\Catalog.Infrastructure.csproj", "{8A1887A9-B837-4CBE-B9D6-55CCAA296C21}"
EndProject
Project("{2150E333-8FDC-42A3-9474-1A3956D46DE8}") = "Basket", "Basket", "{31DC6101-7B27-4884-8FC0-CA5F912C3D5C}"
EndProject
Project("{FAE04EC0-301F-11D3-BF4B-00C04F79EFBC}") = "Basket.API", "Services\Basket\Basket.API\Basket.API.csproj", "{DCBC0D8B-0150-4324-8906-7246841B0B3C}"
EndProject
Project("{2150E333-8FDC-42A3-9474-1A3956D46DE8}") = "Discount", "Discount", "{147427F0-72F5-4742-92BB-0B10072B33A1}"
EndProject
Project("{FAE04EC0-301F-11D3-BF4B-00C04F79EFBC}") = "Discount.Grpc", "Services\Discount\Discount.Grpc\Discount.Grpc.csproj", "{38D7497F-3677-40E0-8616-8FE3B55DA93D}"
EndProject
Global
	GlobalSection(SolutionConfigurationPlatforms) = preSolution
		Debug|Any CPU = Debug|Any CPU
		Release|Any CPU = Release|Any CPU
	EndGlobalSection
	GlobalSection(SolutionProperties) = preSolution
		HideSolutionNode = FALSE
	EndGlobalSection
	GlobalSection(ProjectConfigurationPlatforms) = postSolution
		{EDECF9C9-A59B-45D4-9249-3EA1ABEA16E4}.Debug|Any CPU.ActiveCfg = Debug|Any CPU
		{EDECF9C9-A59B-45D4-9249-3EA1ABEA16E4}.Debug|Any CPU.Build.0 = Debug|Any CPU
		{EDECF9C9-A59B-45D4-9249-3EA1ABEA16E4}.Release|Any CPU.ActiveCfg = Release|Any CPU
		{EDECF9C9-A59B-45D4-9249-3EA1ABEA16E4}.Release|Any CPU.Build.0 = Release|Any CPU
		{4BDE76ED-5184-4590-AD49-5A459D2712EA}.Debug|Any CPU.ActiveCfg = Debug|Any CPU
		{4BDE76ED-5184-4590-AD49-5A459D2712EA}.Debug|Any CPU.Build.0 = Debug|Any CPU
		{4BDE76ED-5184-4590-AD49-5A459D2712EA}.Release|Any CPU.ActiveCfg = Release|Any CPU
		{4BDE76ED-5184-4590-AD49-5A459D2712EA}.Release|Any CPU.Build.0 = Release|Any CPU
		{5470281F-A82C-4F2A-B08C-D5520008BAED}.Debug|Any CPU.ActiveCfg = Debug|Any CPU
		{5470281F-A82C-4F2A-B08C-D5520008BAED}.Debug|Any CPU.Build.0 = Debug|Any CPU
		{5470281F-A82C-4F2A-B08C-D5520008BAED}.Release|Any CPU.ActiveCfg = Release|Any CPU
		{5470281F-A82C-4F2A-B08C-D5520008BAED}.Release|Any CPU.Build.0 = Release|Any CPU
		{8531F3E0-A03B-4E5F-8D6A-9083EDCF42D1}.Debug|Any CPU.ActiveCfg = Debug|Any CPU
		{8531F3E0-A03B-4E5F-8D6A-9083EDCF42D1}.Debug|Any CPU.Build.0 = Debug|Any CPU
		{8531F3E0-A03B-4E5F-8D6A-9083EDCF42D1}.Release|Any CPU.ActiveCfg = Release|Any CPU
		{8531F3E0-A03B-4E5F-8D6A-9083EDCF42D1}.Release|Any CPU.Build.0 = Release|Any CPU
		{416D453D-2BFD-42FD-99B1-D5EA6129EF0B}.Debug|Any CPU.ActiveCfg = Debug|Any CPU
		{416D453D-2BFD-42FD-99B1-D5EA6129EF0B}.Debug|Any CPU.Build.0 = Debug|Any CPU
		{416D453D-2BFD-42FD-99B1-D5EA6129EF0B}.Release|Any CPU.ActiveCfg = Release|Any CPU
		{416D453D-2BFD-42FD-99B1-D5EA6129EF0B}.Release|Any CPU.Build.0 = Release|Any CPU
		{980F1ABD-AF4C-465B-9D30-AE70A339DC3A}.Debug|Any CPU.ActiveCfg = Debug|Any CPU
		{980F1ABD-AF4C-465B-9D30-AE70A339DC3A}.Debug|Any CPU.Build.0 = Debug|Any CPU
		{980F1ABD-AF4C-465B-9D30-AE70A339DC3A}.Release|Any CPU.ActiveCfg = Release|Any CPU
		{980F1ABD-AF4C-465B-9D30-AE70A339DC3A}.Release|Any CPU.Build.0 = Release|Any CPU
		{702AE604-0D79-4923-9827-2205B06C9775}.Debug|Any CPU.ActiveCfg = Debug|Any CPU
		{702AE604-0D79-4923-9827-2205B06C9775}.Debug|Any CPU.Build.0 = Debug|Any CPU
		{702AE604-0D79-4923-9827-2205B06C9775}.Release|Any CPU.ActiveCfg = Release|Any CPU
		{702AE604-0D79-4923-9827-2205B06C9775}.Release|Any CPU.Build.0 = Release|Any CPU
		{A9FCAF02-B327-4C21-8596-5FE923260490}.Debug|Any CPU.ActiveCfg = Debug|Any CPU
		{A9FCAF02-B327-4C21-8596-5FE923260490}.Debug|Any CPU.Build.0 = Debug|Any CPU
		{A9FCAF02-B327-4C21-8596-5FE923260490}.Release|Any CPU.ActiveCfg = Release|Any CPU
		{A9FCAF02-B327-4C21-8596-5FE923260490}.Release|Any CPU.Build.0 = Release|Any CPU
		{60CE5313-5DCD-4BAB-A394-582F0C0882AF}.Debug|Any CPU.ActiveCfg = Debug|Any CPU
		{60CE5313-5DCD-4BAB-A394-582F0C0882AF}.Debug|Any CPU.Build.0 = Debug|Any CPU
		{60CE5313-5DCD-4BAB-A394-582F0C0882AF}.Release|Any CPU.ActiveCfg = Release|Any CPU
		{60CE5313-5DCD-4BAB-A394-582F0C0882AF}.Release|Any CPU.Build.0 = Release|Any CPU
		{8A1887A9-B837-4CBE-B9D6-55CCAA296C21}.Debug|Any CPU.ActiveCfg = Debug|Any CPU
		{8A1887A9-B837-4CBE-B9D6-55CCAA296C21}.Debug|Any CPU.Build.0 = Debug|Any CPU
		{8A1887A9-B837-4CBE-B9D6-55CCAA296C21}.Release|Any CPU.ActiveCfg = Release|Any CPU
		{8A1887A9-B837-4CBE-B9D6-55CCAA296C21}.Release|Any CPU.Build.0 = Release|Any CPU
		{DCBC0D8B-0150-4324-8906-7246841B0B3C}.Debug|Any CPU.ActiveCfg = Debug|Any CPU
		{DCBC0D8B-0150-4324-8906-7246841B0B3C}.Debug|Any CPU.Build.0 = Debug|Any CPU
		{DCBC0D8B-0150-4324-8906-7246841B0B3C}.Release|Any CPU.ActiveCfg = Release|Any CPU
		{DCBC0D8B-0150-4324-8906-7246841B0B3C}.Release|Any CPU.Build.0 = Release|Any CPU
		{38D7497F-3677-40E0-8616-8FE3B55DA93D}.Debug|Any CPU.ActiveCfg = Debug|Any CPU
		{38D7497F-3677-40E0-8616-8FE3B55DA93D}.Debug|Any CPU.Build.0 = Debug|Any CPU
		{38D7497F-3677-40E0-8616-8FE3B55DA93D}.Release|Any CPU.ActiveCfg = Release|Any CPU
		{38D7497F-3677-40E0-8616-8FE3B55DA93D}.Release|Any CPU.Build.0 = Release|Any CPU
	EndGlobalSection
	GlobalSection(NestedProjects) = preSolution
		{93F7643C-3E75-430E-A907-F19ED03CFE35} = {C0178EE7-DBB6-4BDD-B353-1F1B304A1961}
		{EDECF9C9-A59B-45D4-9249-3EA1ABEA16E4} = {93F7643C-3E75-430E-A907-F19ED03CFE35}
		{4BDE76ED-5184-4590-AD49-5A459D2712EA} = {F9DBE370-1F80-4AC3-B03A-AA9742205325}
		{29013A56-FD16-488F-8F78-A31E05C7AB08} = {C0178EE7-DBB6-4BDD-B353-1F1B304A1961}
		{5470281F-A82C-4F2A-B08C-D5520008BAED} = {29013A56-FD16-488F-8F78-A31E05C7AB08}
		{8531F3E0-A03B-4E5F-8D6A-9083EDCF42D1} = {29013A56-FD16-488F-8F78-A31E05C7AB08}
		{416D453D-2BFD-42FD-99B1-D5EA6129EF0B} = {29013A56-FD16-488F-8F78-A31E05C7AB08}
		{980F1ABD-AF4C-465B-9D30-AE70A339DC3A} = {29013A56-FD16-488F-8F78-A31E05C7AB08}
		{A9FCAF02-B327-4C21-8596-5FE923260490} = {93F7643C-3E75-430E-A907-F19ED03CFE35}
		{60CE5313-5DCD-4BAB-A394-582F0C0882AF} = {93F7643C-3E75-430E-A907-F19ED03CFE35}
		{8A1887A9-B837-4CBE-B9D6-55CCAA296C21} = {93F7643C-3E75-430E-A907-F19ED03CFE35}
		{31DC6101-7B27-4884-8FC0-CA5F912C3D5C} = {C0178EE7-DBB6-4BDD-B353-1F1B304A1961}
		{DCBC0D8B-0150-4324-8906-7246841B0B3C} = {31DC6101-7B27-4884-8FC0-CA5F912C3D5C}
		{147427F0-72F5-4742-92BB-0B10072B33A1} = {C0178EE7-DBB6-4BDD-B353-1F1B304A1961}
		{38D7497F-3677-40E0-8616-8FE3B55DA93D} = {147427F0-72F5-4742-92BB-0B10072B33A1}
	EndGlobalSection
EndGlobal
