
Microsoft Visual Studio Solution File, Format Version 12.00
# Visual Studio Version 16
VisualStudioVersion = 16.0.30114.105
MinimumVisualStudioVersion = 10.0.40219.1
Project("{2150E333-8FDC-42A3-9474-1A3956D46DE8}") = "Services", "Services", "{C0178EE7-DBB6-4BDD-B353-1F1B304A1961}"
EndProject
Project("{2150E333-8FDC-42A3-9474-1A3956D46DE8}") = "Catalog", "Catalog", "{93F7643C-3E75-430E-A907-F19ED03CFE35}"
EndProject
Project("{FAE04EC0-301F-11D3-BF4B-00C04F79EFBC}") = "Catalog.API", "Services\Catalog\Catalog.API\Catalog.API.csproj", "{EDECF9C9-A59B-45D4-9249-3EA1ABEA16E4}"
EndProject
Project("{2150E333-8FDC-42A3-9474-1A3956D46DE8}") = "BuildingBlocks", "BuildingBlocks", "{F9DBE370-1F80-4AC3-B03A-AA9742205325}"
EndProject
Project("{FAE04EC0-301F-11D3-BF4B-00C04F79EFBC}") = "Common.Shared", "BuildingBlocks\Common.Shared\Common.Shared.csproj", "{4BDE76ED-5184-4590-AD49-5A459D2712EA}"
EndProject
Global
	GlobalSection(SolutionConfigurationPlatforms) = preSolution
		Debug|Any CPU = Debug|Any CPU
		Release|Any CPU = Release|Any CPU
	EndGlobalSection
	GlobalSection(SolutionProperties) = preSolution
		HideSolutionNode = FALSE
	EndGlobalSection
	GlobalSection(ProjectConfigurationPlatforms) = postSolution
		{EDECF9C9-A59B-45D4-9249-3EA1ABEA16E4}.Debug|Any CPU.ActiveCfg = Debug|Any CPU
		{EDECF9C9-A59B-45D4-9249-3EA1ABEA16E4}.Debug|Any CPU.Build.0 = Debug|Any CPU
		{EDECF9C9-A59B-45D4-9249-3EA1ABEA16E4}.Release|Any CPU.ActiveCfg = Release|Any CPU
		{EDECF9C9-A59B-45D4-9249-3EA1ABEA16E4}.Release|Any CPU.Build.0 = Release|Any CPU
		{4BDE76ED-5184-4590-AD49-5A459D2712EA}.Debug|Any CPU.ActiveCfg = Debug|Any CPU
		{4BDE76ED-5184-4590-AD49-5A459D2712EA}.Debug|Any CPU.Build.0 = Debug|Any CPU
		{4BDE76ED-5184-4590-AD49-5A459D2712EA}.Release|Any CPU.ActiveCfg = Release|Any CPU
		{4BDE76ED-5184-4590-AD49-5A459D2712EA}.Release|Any CPU.Build.0 = Release|Any CPU
	EndGlobalSection
	GlobalSection(NestedProjects) = preSolution
		{93F7643C-3E75-430E-A907-F19ED03CFE35} = {C0178EE7-DBB6-4BDD-B353-1F1B304A1961}
		{EDECF9C9-A59B-45D4-9249-3EA1ABEA16E4} = {93F7643C-3E75-430E-A907-F19ED03CFE35}
		{4BDE76ED-5184-4590-AD49-5A459D2712EA} = {F9DBE370-1F80-4AC3-B03A-AA9742205325}
	EndGlobalSection
EndGlobal
