
Microsoft Visual Studio Solution File, Format Version 12.00
# Visual Studio Version 16
VisualStudioVersion = 16.0.30114.105
MinimumVisualStudioVersion = 10.0.40219.1
Project("{2150E333-8FDC-42A3-9474-1A3956D46DE8}") = "Services", "Services", "{C0178EE7-DBB6-4BDD-B353-1F1B304A1961}"
EndProject
Project("{2150E333-8FDC-42A3-9474-1A3956D46DE8}") = "Catalog", "Catalog", "{93F7643C-3E75-430E-A907-F19ED03CFE35}"
EndProject
Project("{FAE04EC0-301F-11D3-BF4B-00C04F79EFBC}") = "Catalog.API", "Services\Catalog\Catalog.API\Catalog.API.csproj", "{EDECF9C9-A59B-45D4-9249-3EA1ABEA16E4}"
EndProject
Project("{2150E333-8FDC-42A3-9474-1A3956D46DE8}") = "BuildingBlocks", "BuildingBlocks", "{F9DBE370-1F80-4AC3-B03A-AA9742205325}"
EndProject
Project("{FAE04EC0-301F-11D3-BF4B-00C04F79EFBC}") = "Common.Shared", "BuildingBlocks\Common.Shared\Common.Shared.csproj", "{4BDE76ED-5184-4590-AD49-5A459D2712EA}"
EndProject
Project("{2150E333-8FDC-42A3-9474-1A3956D46DE8}") = "Ordering", "Ordering", "{29013A56-FD16-488F-8F78-A31E05C7AB08}"
EndProject
Project("{FAE04EC0-301F-11D3-BF4B-00C04F79EFBC}") = "Ordering.API", "Services\Ordering\Ordering.API\Ordering.API.csproj", "{5470281F-A82C-4F2A-B08C-D5520008BAED}"
EndProject
Project("{FAE04EC0-301F-11D3-BF4B-00C04F79EFBC}") = "Ordering.Application", "Services\Ordering\Ordering.Application\Ordering.Application.csproj", "{8531F3E0-A03B-4E5F-8D6A-9083EDCF42D1}"
EndProject
Project("{FAE04EC0-301F-11D3-BF4B-00C04F79EFBC}") = "Ordering.Domain", "Services\Ordering\Ordering.Domain\Ordering.Domain.csproj", "{416D453D-2BFD-42FD-99B1-D5EA6129EF0B}"
EndProject
Project("{FAE04EC0-301F-11D3-BF4B-00C04F79EFBC}") = "Ordering.Infrastructure", "Services\Ordering\Ordering.Infrastructure\Ordering.Infrastructure.csproj", "{980F1ABD-AF4C-465B-9D30-AE70A339DC3A}"
EndProject
Global
	GlobalSection(SolutionConfigurationPlatforms) = preSolution
		Debug|Any CPU = Debug|Any CPU
		Release|Any CPU = Release|Any CPU
	EndGlobalSection
	GlobalSection(SolutionProperties) = preSolution
		HideSolutionNode = FALSE
	EndGlobalSection
	GlobalSection(ProjectConfigurationPlatforms) = postSolution
		{EDECF9C9-A59B-45D4-9249-3EA1ABEA16E4}.Debug|Any CPU.ActiveCfg = Debug|Any CPU
		{EDECF9C9-A59B-45D4-9249-3EA1ABEA16E4}.Debug|Any CPU.Build.0 = Debug|Any CPU
		{EDECF9C9-A59B-45D4-9249-3EA1ABEA16E4}.Release|Any CPU.ActiveCfg = Release|Any CPU
		{EDECF9C9-A59B-45D4-9249-3EA1ABEA16E4}.Release|Any CPU.Build.0 = Release|Any CPU
		{4BDE76ED-5184-4590-AD49-5A459D2712EA}.Debug|Any CPU.ActiveCfg = Debug|Any CPU
		{4BDE76ED-5184-4590-AD49-5A459D2712EA}.Debug|Any CPU.Build.0 = Debug|Any CPU
		{4BDE76ED-5184-4590-AD49-5A459D2712EA}.Release|Any CPU.ActiveCfg = Release|Any CPU
		{4BDE76ED-5184-4590-AD49-5A459D2712EA}.Release|Any CPU.Build.0 = Release|Any CPU
		{5470281F-A82C-4F2A-B08C-D5520008BAED}.Debug|Any CPU.ActiveCfg = Debug|Any CPU
		{5470281F-A82C-4F2A-B08C-D5520008BAED}.Debug|Any CPU.Build.0 = Debug|Any CPU
		{5470281F-A82C-4F2A-B08C-D5520008BAED}.Release|Any CPU.ActiveCfg = Release|Any CPU
		{5470281F-A82C-4F2A-B08C-D5520008BAED}.Release|Any CPU.Build.0 = Release|Any CPU
		{8531F3E0-A03B-4E5F-8D6A-9083EDCF42D1}.Debug|Any CPU.ActiveCfg = Debug|Any CPU
		{8531F3E0-A03B-4E5F-8D6A-9083EDCF42D1}.Debug|Any CPU.Build.0 = Debug|Any CPU
		{8531F3E0-A03B-4E5F-8D6A-9083EDCF42D1}.Release|Any CPU.ActiveCfg = Release|Any CPU
		{8531F3E0-A03B-4E5F-8D6A-9083EDCF42D1}.Release|Any CPU.Build.0 = Release|Any CPU
		{416D453D-2BFD-42FD-99B1-D5EA6129EF0B}.Debug|Any CPU.ActiveCfg = Debug|Any CPU
		{416D453D-2BFD-42FD-99B1-D5EA6129EF0B}.Debug|Any CPU.Build.0 = Debug|Any CPU
		{416D453D-2BFD-42FD-99B1-D5EA6129EF0B}.Release|Any CPU.ActiveCfg = Release|Any CPU
		{416D453D-2BFD-42FD-99B1-D5EA6129EF0B}.Release|Any CPU.Build.0 = Release|Any CPU
		{980F1ABD-AF4C-465B-9D30-AE70A339DC3A}.Debug|Any CPU.ActiveCfg = Debug|Any CPU
		{980F1ABD-AF4C-465B-9D30-AE70A339DC3A}.Debug|Any CPU.Build.0 = Debug|Any CPU
		{980F1ABD-AF4C-465B-9D30-AE70A339DC3A}.Release|Any CPU.ActiveCfg = Release|Any CPU
		{980F1ABD-AF4C-465B-9D30-AE70A339DC3A}.Release|Any CPU.Build.0 = Release|Any CPU
	EndGlobalSection
	GlobalSection(NestedProjects) = preSolution
		{93F7643C-3E75-430E-A907-F19ED03CFE35} = {C0178EE7-DBB6-4BDD-B353-1F1B304A1961}
		{EDECF9C9-A59B-45D4-9249-3EA1ABEA16E4} = {93F7643C-3E75-430E-A907-F19ED03CFE35}
		{4BDE76ED-5184-4590-AD49-5A459D2712EA} = {F9DBE370-1F80-4AC3-B03A-AA9742205325}
		{29013A56-FD16-488F-8F78-A31E05C7AB08} = {C0178EE7-DBB6-4BDD-B353-1F1B304A1961}
		{5470281F-A82C-4F2A-B08C-D5520008BAED} = {29013A56-FD16-488F-8F78-A31E05C7AB08}
		{8531F3E0-A03B-4E5F-8D6A-9083EDCF42D1} = {29013A56-FD16-488F-8F78-A31E05C7AB08}
		{416D453D-2BFD-42FD-99B1-D5EA6129EF0B} = {29013A56-FD16-488F-8F78-A31E05C7AB08}
		{980F1ABD-AF4C-465B-9D30-AE70A339DC3A} = {29013A56-FD16-488F-8F78-A31E05C7AB08}
	EndGlobalSection
EndGlobal
